{
	"requires": true,
	"lockfileVersion": 1,
	"dependencies": {
		"@types/jest": {
			"version": "22.1.1",
			"resolved": "https://registry.npmjs.org/@types/jest/-/jest-22.1.1.tgz",
			"integrity": "sha512-JSh6yk+GkeSkucPa3DllFtpDXe0BMxDTFqCxoryzGKvZiusdb97Sb7X5gnMiKdFGkHbTMjSH+HbE9wrBIzrUTA==",
			"dev": true
		}
	}
}
